
Microsoft Visual Studio Solution File, Format Version 11.00
# Visual Studio 2010
Project("{FAE04EC0-301F-11D3-BF4B-00C04F79EFBC}") = "Assembly-CSharp-firstpass", "Assembly-CSharp-firstpass.csproj", "{CE833210-3DA0-5CA9-E529-135A6579FE20}"
EndProject
Global
	GlobalSection(SolutionConfigurationPlatforms) = preSolution
		Debug|Any CPU = Debug|Any CPU
		Release|Any CPU = Release|Any CPU
	EndGlobalSection
	GlobalSection(ProjectConfigurationPlatforms) = postSolution
		{CE833210-3DA0-5CA9-E529-135A6579FE20}.Debug|Any CPU.ActiveCfg = Debug|Any CPU
		{CE833210-3DA0-5CA9-E529-135A6579FE20}.Debug|Any CPU.Build.0 = Debug|Any CPU
		{CE833210-3DA0-5CA9-E529-135A6579FE20}.Release|Any CPU.ActiveCfg = Release|Any CPU
		{CE833210-3DA0-5CA9-E529-135A6579FE20}.Release|Any CPU.Build.0 = Release|Any CPU
	EndGlobalSection
	GlobalSection(SolutionProperties) = preSolution
		HideSolutionNode = FALSE
	EndGlobalSection
	GlobalSection(MonoDevelopProperties) = preSolution
		StartupItem = Assembly-CSharp.csproj
	EndGlobalSection
EndGlobal
